
Microsoft Visual Studio Solution File, Format Version 12.00
# Visual Studio Version 17
VisualStudioVersion = 17.7.34031.279
MinimumVisualStudioVersion = 10.0.40219.1
Project("{FAE04EC0-301F-11D3-BF4B-00C04F79EFBC}") = "Assignment", "Assignment.csproj", "{EF7E7F63-32E6-4DBF-967A-B6013721294C}"
EndProject
Global
	GlobalSection(SolutionConfigurationPlatforms) = preSolution
		Debug|Any CPU = Debug|Any CPU
		Release|Any CPU = Release|Any CPU
	EndGlobalSection
	GlobalSection(ProjectConfigurationPlatforms) = postSolution
		{EF7E7F63-32E6-4DBF-967A-B6013721294C}.Debug|Any CPU.ActiveCfg = Debug|Any CPU
		{EF7E7F63-32E6-4DBF-967A-B6013721294C}.Debug|Any CPU.Build.0 = Debug|Any CPU
		{EF7E7F63-32E6-4DBF-967A-B6013721294C}.Release|Any CPU.ActiveCfg = Release|Any CPU
		{EF7E7F63-32E6-4DBF-967A-B6013721294C}.Release|Any CPU.Build.0 = Release|Any CPU
	EndGlobalSection
	GlobalSection(SolutionProperties) = preSolution
		HideSolutionNode = FALSE
	EndGlobalSection
	GlobalSection(ExtensibilityGlobals) = postSolution
		SolutionGuid = {9D1ABED8-61B6-40B9-9C76-20238BC51523}
	EndGlobalSection
EndGlobal
